
Microsoft Visual Studio Solution File, Format Version 12.00
# Visual Studio Version 17
VisualStudioVersion = 17.14.36616.10
MinimumVisualStudioVersion = 10.0.40219.1
Project("{FAE04EC0-301F-11D3-BF4B-00C04F79EFBC}") = "GymManagement.PL", "GymManagement\GymManagement.PL.csproj", "{DC0E400B-6F7D-45CD-8237-6D9C5CE66A46}"
EndProject
Project("{FAE04EC0-301F-11D3-BF4B-00C04F79EFBC}") = "GymSystem.DAL", "GymSystem.DAL\GymSystem.DAL.csproj", "{05452058-D40A-4226-A744-8C551A7F2D83}"
EndProject
Project("{FAE04EC0-301F-11D3-BF4B-00C04F79EFBC}") = "GymSystem.BLL", "GymSystem.BLL\GymSystem.BLL.csproj", "{84BA73FA-5151-4926-AB02-AE3CB1D541C5}"
EndProject
Global
	GlobalSection(SolutionConfigurationPlatforms) = preSolution
		Debug|Any CPU = Debug|Any CPU
		Release|Any CPU = Release|Any CPU
	EndGlobalSection
	GlobalSection(ProjectConfigurationPlatforms) = postSolution
		{DC0E400B-6F7D-45CD-8237-6D9C5CE66A46}.Debug|Any CPU.ActiveCfg = Debug|Any CPU
		{DC0E400B-6F7D-45CD-8237-6D9C5CE66A46}.Debug|Any CPU.Build.0 = Debug|Any CPU
		{DC0E400B-6F7D-45CD-8237-6D9C5CE66A46}.Release|Any CPU.ActiveCfg = Release|Any CPU
		{DC0E400B-6F7D-45CD-8237-6D9C5CE66A46}.Release|Any CPU.Build.0 = Release|Any CPU
		{05452058-D40A-4226-A744-8C551A7F2D83}.Debug|Any CPU.ActiveCfg = Debug|Any CPU
		{05452058-D40A-4226-A744-8C551A7F2D83}.Debug|Any CPU.Build.0 = Debug|Any CPU
		{05452058-D40A-4226-A744-8C551A7F2D83}.Release|Any CPU.ActiveCfg = Release|Any CPU
		{05452058-D40A-4226-A744-8C551A7F2D83}.Release|Any CPU.Build.0 = Release|Any CPU
		{84BA73FA-5151-4926-AB02-AE3CB1D541C5}.Debug|Any CPU.ActiveCfg = Debug|Any CPU
		{84BA73FA-5151-4926-AB02-AE3CB1D541C5}.Debug|Any CPU.Build.0 = Debug|Any CPU
		{84BA73FA-5151-4926-AB02-AE3CB1D541C5}.Release|Any CPU.ActiveCfg = Release|Any CPU
		{84BA73FA-5151-4926-AB02-AE3CB1D541C5}.Release|Any CPU.Build.0 = Release|Any CPU
	EndGlobalSection
	GlobalSection(SolutionProperties) = preSolution
		HideSolutionNode = FALSE
	EndGlobalSection
	GlobalSection(ExtensibilityGlobals) = postSolution
		SolutionGuid = {BAE19208-9538-4206-B286-375685276F1A}
	EndGlobalSection
EndGlobal
